
Microsoft Visual Studio Solution File, Format Version 12.00
Project("{FAE04EC0-301F-11D3-BF4B-00C04F79EFBC}") = "CheckWebsiteStatus", "CheckWebsiteStatus\CheckWebsiteStatus.csproj", "{B546B328-BDAE-42A1-8C79-687053A0A23B}"
EndProject
Global
	GlobalSection(SolutionConfigurationPlatforms) = preSolution
		Debug|Any CPU = Debug|Any CPU
		Release|Any CPU = Release|Any CPU
	EndGlobalSection
	GlobalSection(ProjectConfigurationPlatforms) = postSolution
		{B546B328-BDAE-42A1-8C79-687053A0A23B}.Debug|Any CPU.ActiveCfg = Debug|Any CPU
		{B546B328-BDAE-42A1-8C79-687053A0A23B}.Debug|Any CPU.Build.0 = Debug|Any CPU
		{B546B328-BDAE-42A1-8C79-687053A0A23B}.Release|Any CPU.ActiveCfg = Release|Any CPU
		{B546B328-BDAE-42A1-8C79-687053A0A23B}.Release|Any CPU.Build.0 = Release|Any CPU
	EndGlobalSection
EndGlobal
